
Microsoft Visual Studio Solution File, Format Version 12.00
# Visual Studio Version 16
VisualStudioVersion = 16.0.31515.178
MinimumVisualStudioVersion = 10.0.40219.1
Project("{FAE04EC0-301F-11D3-BF4B-00C04F79EFBC}") = "WinFormsApp", "WinFormsApp.csproj", "{BC400396-5CBD-4D94-87A1-81A19DF72A96}"
EndProject
Global
	GlobalSection(SolutionConfigurationPlatforms) = preSolution
		Debug|Any CPU = Debug|Any CPU
		Release|Any CPU = Release|Any CPU
	EndGlobalSection
	GlobalSection(ProjectConfigurationPlatforms) = postSolution
		{BC400396-5CBD-4D94-87A1-81A19DF72A96}.Debug|Any CPU.ActiveCfg = Debug|Any CPU
		{BC400396-5CBD-4D94-87A1-81A19DF72A96}.Debug|Any CPU.Build.0 = Debug|Any CPU
		{BC400396-5CBD-4D94-87A1-81A19DF72A96}.Release|Any CPU.ActiveCfg = Release|Any CPU
		{BC400396-5CBD-4D94-87A1-81A19DF72A96}.Release|Any CPU.Build.0 = Release|Any CPU
	EndGlobalSection
	GlobalSection(SolutionProperties) = preSolution
		HideSolutionNode = FALSE
	EndGlobalSection
	GlobalSection(ExtensibilityGlobals) = postSolution
		SolutionGuid = {1C86FFD5-86EF-4787-A029-F85B9E75EA30}
	EndGlobalSection
EndGlobal
