
Microsoft Visual Studio Solution File, Format Version 12.00
# Visual Studio 15
VisualStudioVersion = 15.0.28307.106
MinimumVisualStudioVersion = 10.0.40219.1
Project("{FAE04EC0-301F-11D3-BF4B-00C04F79EFBC}") = "WindowsFormsApp1", "WindowsFormsApp1\WindowsFormsApp1.csproj", "{F48F08E4-5FF4-4A24-B033-0D23E6B214DA}"
EndProject
Global
	GlobalSection(SolutionConfigurationPlatforms) = preSolution
		Debug|Any CPU = Debug|Any CPU
		Release|Any CPU = Release|Any CPU
	EndGlobalSection
	GlobalSection(ProjectConfigurationPlatforms) = postSolution
		{F48F08E4-5FF4-4A24-B033-0D23E6B214DA}.Debug|Any CPU.ActiveCfg = Debug|Any CPU
		{F48F08E4-5FF4-4A24-B033-0D23E6B214DA}.Debug|Any CPU.Build.0 = Debug|Any CPU
		{F48F08E4-5FF4-4A24-B033-0D23E6B214DA}.Release|Any CPU.ActiveCfg = Release|Any CPU
		{F48F08E4-5FF4-4A24-B033-0D23E6B214DA}.Release|Any CPU.Build.0 = Release|Any CPU
	EndGlobalSection
	GlobalSection(SolutionProperties) = preSolution
		HideSolutionNode = FALSE
	EndGlobalSection
	GlobalSection(ExtensibilityGlobals) = postSolution
		SolutionGuid = {BE9CA9F4-F0DC-4099-B73E-A90892CFCD80}
	EndGlobalSection
EndGlobal
